// !$*UTF8*$!
{
	archiveVersion = 1;
	classes = {
	};
	objectVersion = 50;
	objects = {

/* Begin PBXBuildFile section */
		B3DFE032241689E600D2B18F /* AppDelegate.swift in Sources */ = {isa = PBXBuildFile; fileRef = B3DFE031241689E600D2B18F /* AppDelegate.swift */; };
		B3DFE034241689E600D2B18F /* SceneDelegate.swift in Sources */ = {isa = PBXBuildFile; fileRef = B3DFE033241689E600D2B18F /* SceneDelegate.swift */; };
		B3DFE039241689E600D2B18F /* Main.storyboard in Resources */ = {isa = PBXBuildFile; fileRef = B3DFE037241689E600D2B18F /* Main.storyboard */; };
		B3DFE03B241689E700D2B18F /* Assets.xcassets in Resources */ = {isa = PBXBuildFile; fileRef = B3DFE03A241689E700D2B18F /* Assets.xcassets */; };
		B3DFE03E241689E700D2B18F /* LaunchScreen.storyboard in Resources */ = {isa = PBXBuildFile; fileRef = B3DFE03C241689E700D2B18F /* LaunchScreen.storyboard */; };
		B3DFE049241689E700D2B18F /* Color_PickerTests.swift in Sources */ = {isa = PBXBuildFile; fileRef = B3DFE048241689E700D2B18F /* Color_PickerTests.swift */; };
		B3DFE054241689E800D2B18F /* Color_PickerUITests.swift in Sources */ = {isa = PBXBuildFile; fileRef = B3DFE053241689E800D2B18F /* Color_PickerUITests.swift */; };
		B3DFE06224168BC200D2B18F /* ColorPickerController.swift in Sources */ = {isa = PBXBuildFile; fileRef = B3DFE06124168BC200D2B18F /* ColorPickerController.swift */; };
/* End PBXBuildFile section */

/* Begin PBXContainerItemProxy section */
		B3DFE045241689E700D2B18F /* PBXContainerItemProxy */ = {
			isa = PBXContainerItemProxy;
			containerPortal = B3DFE026241689E600D2B18F /* Project object */;
			proxyType = 1;
			remoteGlobalIDString = B3DFE02D241689E600D2B18F;
			remoteInfo = "Color Picker";
		};
		B3DFE050241689E800D2B18F /* PBXContainerItemProxy */ = {
			isa = PBXContainerItemProxy;
			containerPortal = B3DFE026241689E600D2B18F /* Project object */;
			proxyType = 1;
			remoteGlobalIDString = B3DFE02D241689E600D2B18F;
			remoteInfo = "Color Picker";
		};
/* End PBXContainerItemProxy section */

/* Begin PBXFileReference section */
		B3DFE02E241689E600D2B18F /* Color Picker.app */ = {isa = PBXFileReference; explicitFileType = wrapper.application; includeInIndex = 0; path = "Color Picker.app"; sourceTree = BUILT_PRODUCTS_DIR; };
		B3DFE031241689E600D2B18F /* AppDelegate.swift */ = {isa = PBXFileReference; lastKnownFileType = sourcecode.swift; path = AppDelegate.swift; sourceTree = "<group>"; };
		B3DFE033241689E600D2B18F /* SceneDelegate.swift */ = {isa = PBXFileReference; lastKnownFileType = sourcecode.swift; path = SceneDelegate.swift; sourceTree = "<group>"; };
		B3DFE038241689E600D2B18F /* Base */ = {isa = PBXFileReference; lastKnownFileType = file.storyboard; name = Base; path = Base.lproj/Main.storyboard; sourceTree = "<group>"; };
		B3DFE03A241689E700D2B18F /* Assets.xcassets */ = {isa = PBXFileReference; lastKnownFileType = folder.assetcatalog; path = Assets.xcassets; sourceTree = "<group>"; };
		B3DFE03D241689E700D2B18F /* Base */ = {isa = PBXFileReference; lastKnownFileType = file.storyboard; name = Base; path = Base.lproj/LaunchScreen.storyboard; sourceTree = "<group>"; };
		B3DFE03F241689E700D2B18F /* Info.plist */ = {isa = PBXFileReference; lastKnownFileType = text.plist.xml; path = Info.plist; sourceTree = "<group>"; };
		B3DFE044241689E700D2B18F /* Color PickerTests.xctest */ = {isa = PBXFileReference; explicitFileType = wrapper.cfbundle; includeInIndex = 0; path = "Color PickerTests.xctest"; sourceTree = BUILT_PRODUCTS_DIR; };
		B3DFE048241689E700D2B18F /* Color_PickerTests.swift */ = {isa = PBXFileReference; lastKnownFileType = sourcecode.swift; path = Color_PickerTests.swift; sourceTree = "<group>"; };
		B3DFE04A241689E700D2B18F /* Info.plist */ = {isa = PBXFileReference; lastKnownFileType = text.plist.xml; path = Info.plist; sourceTree = "<group>"; };
		B3DFE04F241689E800D2B18F /* Color PickerUITests.xctest */ = {isa = PBXFileReference; explicitFileType = wrapper.cfbundle; includeInIndex = 0; path = "Color PickerUITests.xctest"; sourceTree = BUILT_PRODUCTS_DIR; };
		B3DFE053241689E800D2B18F /* Color_PickerUITests.swift */ = {isa = PBXFileReference; lastKnownFileType = sourcecode.swift; path = Color_PickerUITests.swift; sourceTree = "<group>"; };
		B3DFE055241689E800D2B18F /* Info.plist */ = {isa = PBXFileReference; lastKnownFileType = text.plist.xml; path = Info.plist; sourceTree = "<group>"; };
		B3DFE06124168BC200D2B18F /* ColorPickerController.swift */ = {isa = PBXFileReference; lastKnownFileType = sourcecode.swift; path = ColorPickerController.swift; sourceTree = "<group>"; };
/* End PBXFileReference section */

/* Begin PBXFrameworksBuildPhase section */
		B3DFE02B241689E600D2B18F /* Frameworks */ = {
			isa = PBXFrameworksBuildPhase;
			buildActionMask = 2147483647;
			files = (
			);
			runOnlyForDeploymentPostprocessing = 0;
		};
		B3DFE041241689E700D2B18F /* Frameworks */ = {
			isa = PBXFrameworksBuildPhase;
			buildActionMask = 2147483647;
			files = (
			);
			runOnlyForDeploymentPostprocessing = 0;
		};
		B3DFE04C241689E800D2B18F /* Frameworks */ = {
			isa = PBXFrameworksBuildPhase;
			buildActionMask = 2147483647;
			files = (
			);
			runOnlyForDeploymentPostprocessing = 0;
		};
/* End PBXFrameworksBuildPhase section */

/* Begin PBXGroup section */
		B3DFE025241689E600D2B18F = {
			isa = PBXGroup;
			children = (
				B3DFE030241689E600D2B18F /* Color Picker */,
				B3DFE047241689E700D2B18F /* Color PickerTests */,
				B3DFE052241689E800D2B18F /* Color PickerUITests */,
				B3DFE02F241689E600D2B18F /* Products */,
			);
			sourceTree = "<group>";
		};
		B3DFE02F241689E600D2B18F /* Products */ = {
			isa = PBXGroup;
			children = (
				B3DFE02E241689E600D2B18F /* Color Picker.app */,
				B3DFE044241689E700D2B18F /* Color PickerTests.xctest */,
				B3DFE04F241689E800D2B18F /* Color PickerUITests.xctest */,
			);
			name = Products;
			sourceTree = "<group>";
		};
		B3DFE030241689E600D2B18F /* Color Picker */ = {
			isa = PBXGroup;
			children = (
				B3DFE031241689E600D2B18F /* AppDelegate.swift */,
				B3DFE06124168BC200D2B18F /* ColorPickerController.swift */,
				B3DFE033241689E600D2B18F /* SceneDelegate.swift */,
				B3DFE037241689E600D2B18F /* Main.storyboard */,
				B3DFE03A241689E700D2B18F /* Assets.xcassets */,
				B3DFE03C241689E700D2B18F /* LaunchScreen.storyboard */,
				B3DFE03F241689E700D2B18F /* Info.plist */,
			);
			path = "Color Picker";
			sourceTree = "<group>";
		};
		B3DFE047241689E700D2B18F /* Color PickerTests */ = {
			isa = PBXGroup;
			children = (
				B3DFE048241689E700D2B18F /* Color_PickerTests.swift */,
				B3DFE04A241689E700D2B18F /* Info.plist */,
			);
			path = "Color PickerTests";
			sourceTree = "<group>";
		};
		B3DFE052241689E800D2B18F /* Color PickerUITests */ = {
			isa = PBXGroup;
			children = (
				B3DFE053241689E800D2B18F /* Color_PickerUITests.swift */,
				B3DFE055241689E800D2B18F /* Info.plist */,
			);
			path = "Color PickerUITests";
			sourceTree = "<group>";
		};
/* End PBXGroup section */

/* Begin PBXNativeTarget section */
		B3DFE02D241689E600D2B18F /* Color Picker */ = {
			isa = PBXNativeTarget;
			buildConfigurationList = B3DFE058241689E800D2B18F /* Build configuration list for PBXNativeTarget "Color Picker" */;
			buildPhases = (
				B3DFE02A241689E600D2B18F /* Sources */,
				B3DFE02B241689E600D2B18F /* Frameworks */,
				B3DFE02C241689E600D2B18F /* Resources */,
			);
			buildRules = (
			);
			dependencies = (
			);
			name = "Color Picker";
			productName = "Color Picker";
			productReference = B3DFE02E241689E600D2B18F /* Color Picker.app */;
			productType = "com.apple.product-type.application";
		};
		B3DFE043241689E700D2B18F /* Color PickerTests */ = {
			isa = PBXNativeTarget;
			buildConfigurationList = B3DFE05B241689E800D2B18F /* Build configuration list for PBXNativeTarget "Color PickerTests" */;
			buildPhases = (
				B3DFE040241689E700D2B18F /* Sources */,
				B3DFE041241689E700D2B18F /* Frameworks */,
				B3DFE042241689E700D2B18F /* Resources */,
			);
			buildRules = (
			);
			dependencies = (
				B3DFE046241689E700D2B18F /* PBXTargetDependency */,
			);
			name = "Color PickerTests";
			productName = "Color PickerTests";
			productReference = B3DFE044241689E700D2B18F /* Color PickerTests.xctest */;
			productType = "com.apple.product-type.bundle.unit-test";
		};
		B3DFE04E241689E800D2B18F /* Color PickerUITests */ = {
			isa = PBXNativeTarget;
			buildConfigurationList = B3DFE05E241689E800D2B18F /* Build configuration list for PBXNativeTarget "Color PickerUITests" */;
			buildPhases = (
				B3DFE04B241689E800D2B18F /* Sources */,
				B3DFE04C241689E800D2B18F /* Frameworks */,
				B3DFE04D241689E800D2B18F /* Resources */,
			);
			buildRules = (
			);
			dependencies = (
				B3DFE051241689E800D2B18F /* PBXTargetDependency */,
			);
			name = "Color PickerUITests";
			productName = "Color PickerUITests";
			productReference = B3DFE04F241689E800D2B18F /* Color PickerUITests.xctest */;
			productType = "com.apple.product-type.bundle.ui-testing";
		};
/* End PBXNativeTarget section */

/* Begin PBXProject section */
		B3DFE026241689E600D2B18F /* Project object */ = {
			isa = PBXProject;
			attributes = {
				LastSwiftUpdateCheck = 1130;
				LastUpgradeCheck = 1130;
				ORGANIZATIONNAME = "Sarina Gaines";
				TargetAttributes = {
					B3DFE02D241689E600D2B18F = {
						CreatedOnToolsVersion = 11.3.1;
					};
					B3DFE043241689E700D2B18F = {
						CreatedOnToolsVersion = 11.3.1;
						TestTargetID = B3DFE02D241689E600D2B18F;
					};
					B3DFE04E241689E800D2B18F = {
						CreatedOnToolsVersion = 11.3.1;
						TestTargetID = B3DFE02D241689E600D2B18F;
					};
				};
			};
			buildConfigurationList = B3DFE029241689E600D2B18F /* Build configuration list for PBXProject "Color Picker" */;
			compatibilityVersion = "Xcode 9.3";
			developmentRegion = en;
			hasScannedForEncodings = 0;
			knownRegions = (
				en,
				Base,
			);
			mainGroup = B3DFE025241689E600D2B18F;
			productRefGroup = B3DFE02F241689E600D2B18F /* Products */;
			projectDirPath = "";
			projectRoot = "";
			targets = (
				B3DFE02D241689E600D2B18F /* Color Picker */,
				B3DFE043241689E700D2B18F /* Color PickerTests */,
				B3DFE04E241689E800D2B18F /* Color PickerUITests */,
			);
		};
/* End PBXProject section */

/* Begin PBXResourcesBuildPhase section */
		B3DFE02C241689E600D2B18F /* Resources */ = {
			isa = PBXResourcesBuildPhase;
			buildActionMask = 2147483647;
			files = (
				B3DFE03E241689E700D2B18F /* LaunchScreen.storyboard in Resources */,
				B3DFE03B241689E700D2B18F /* Assets.xcassets in Resources */,
				B3DFE039241689E600D2B18F /* Main.storyboard in Resources */,
			);
			runOnlyForDeploymentPostprocessing = 0;
		};
		B3DFE042241689E700D2B18F /* Resources */ = {
			isa = PBXResourcesBuildPhase;
			buildActionMask = 2147483647;
			files = (
			);
			runOnlyForDeploymentPostprocessing = 0;
		};
		B3DFE04D241689E800D2B18F /* Resources */ = {
			isa = PBXResourcesBuildPhase;
			buildActionMask = 2147483647;
			files = (
			);
			runOnlyForDeploymentPostprocessing = 0;
		};
/* End PBXResourcesBuildPhase section */

/* Begin PBXSourcesBuildPhase section */
		B3DFE02A241689E600D2B18F /* Sources */ = {
			isa = PBXSourcesBuildPhase;
			buildActionMask = 2147483647;
			files = (
				B3DFE032241689E600D2B18F /* AppDelegate.swift in Sources */,
				B3DFE06224168BC200D2B18F /* ColorPickerController.swift in Sources */,
				B3DFE034241689E600D2B18F /* SceneDelegate.swift in Sources */,
			);
			runOnlyForDeploymentPostprocessing = 0;
		};
		B3DFE040241689E700D2B18F /* Sources */ = {
			isa = PBXSourcesBuildPhase;
			buildActionMask = 2147483647;
			files = (
				B3DFE049241689E700D2B18F /* Color_PickerTests.swift in Sources */,
			);
			runOnlyForDeploymentPostprocessing = 0;
		};
		B3DFE04B241689E800D2B18F /* Sources */ = {
			isa = PBXSourcesBuildPhase;
			buildActionMask = 2147483647;
			files = (
				B3DFE054241689E800D2B18F /* Color_PickerUITests.swift in Sources */,
			);
			runOnlyForDeploymentPostprocessing = 0;
		};
/* End PBXSourcesBuildPhase section */

/* Begin PBXTargetDependency section */
		B3DFE046241689E700D2B18F /* PBXTargetDependency */ = {
			isa = PBXTargetDependency;
			target = B3DFE02D241689E600D2B18F /* Color Picker */;
			targetProxy = B3DFE045241689E700D2B18F /* PBXContainerItemProxy */;
		};
		B3DFE051241689E800D2B18F /* PBXTargetDependency */ = {
			isa = PBXTargetDependency;
			target = B3DFE02D241689E600D2B18F /* Color Picker */;
			targetProxy = B3DFE050241689E800D2B18F /* PBXContainerItemProxy */;
		};
/* End PBXTargetDependency section */

/* Begin PBXVariantGroup section */
		B3DFE037241689E600D2B18F /* Main.storyboard */ = {
			isa = PBXVariantGroup;
			children = (
				B3DFE038241689E600D2B18F /* Base */,
			);
			name = Main.storyboard;
			sourceTree = "<group>";
		};
		B3DFE03C241689E700D2B18F /* LaunchScreen.storyboard */ = {
			isa = PBXVariantGroup;
			children = (
				B3DFE03D241689E700D2B18F /* Base */,
			);
			name = LaunchScreen.storyboard;
			sourceTree = "<group>";
		};
/* End PBXVariantGroup section */

/* Begin XCBuildConfiguration section */
		B3DFE056241689E800D2B18F /* Debug */ = {
			isa = XCBuildConfiguration;
			buildSettings = {
				ALWAYS_SEARCH_USER_PATHS = NO;
				CLANG_ANALYZER_NONNULL = YES;
				CLANG_ANALYZER_NUMBER_OBJECT_CONVERSION = YES_AGGRESSIVE;
				CLANG_CXX_LANGUAGE_STANDARD = "gnu++14";
				CLANG_CXX_LIBRARY = "libc++";
				CLANG_ENABLE_MODULES = YES;
				CLANG_ENABLE_OBJC_ARC = YES;
				CLANG_ENABLE_OBJC_WEAK = YES;
				CLANG_WARN_BLOCK_CAPTURE_AUTORELEASING = YES;
				CLANG_WARN_BOOL_CONVERSION = YES;
				CLANG_WARN_COMMA = YES;
				CLANG_WARN_CONSTANT_CONVERSION = YES;
				CLANG_WARN_DEPRECATED_OBJC_IMPLEMENTATIONS = YES;
				CLANG_WARN_DIRECT_OBJC_ISA_USAGE = YES_ERROR;
				CLANG_WARN_DOCUMENTATION_COMMENTS = YES;
				CLANG_WARN_EMPTY_BODY = YES;
				CLANG_WARN_ENUM_CONVERSION = YES;
				CLANG_WARN_INFINITE_RECURSION = YES;
				CLANG_WARN_INT_CONVERSION = YES;
				CLANG_WARN_NON_LITERAL_NULL_CONVERSION = YES;
				CLANG_WARN_OBJC_IMPLICIT_RETAIN_SELF = YES;
				CLANG_WARN_OBJC_LITERAL_CONVERSION = YES;
				CLANG_WARN_OBJC_ROOT_CLASS = YES_ERROR;
				CLANG_WARN_RANGE_LOOP_ANALYSIS = YES;
				CLANG_WARN_STRICT_PROTOTYPES = YES;
				CLANG_WARN_SUSPICIOUS_MOVE = YES;
				CLANG_WARN_UNGUARDED_AVAILABILITY = YES_AGGRESSIVE;
				CLANG_WARN_UNREACHABLE_CODE = YES;
				CLANG_WARN__DUPLICATE_METHOD_MATCH = YES;
				COPY_PHASE_STRIP = NO;
				DEBUG_INFORMATION_FORMAT = dwarf;
				ENABLE_STRICT_OBJC_MSGSEND = YES;
				ENABLE_TESTABILITY = YES;
				GCC_C_LANGUAGE_STANDARD = gnu11;
				GCC_DYNAMIC_NO_PIC = NO;
				GCC_NO_COMMON_BLOCKS = YES;
				GCC_OPTIMIZATION_LEVEL = 0;
				GCC_PREPROCESSOR_DEFINITIONS = (
					"DEBUG=1",
					"$(inherited)",
				);
				GCC_WARN_64_TO_32_BIT_CONVERSION = YES;
				GCC_WARN_ABOUT_RETURN_TYPE = YES_ERROR;
				GCC_WARN_UNDECLARED_SELECTOR = YES;
				GCC_WARN_UNINITIALIZED_AUTOS = YES_AGGRESSIVE;
				GCC_WARN_UNUSED_FUNCTION = YES;
				GCC_WARN_UNUSED_VARIABLE = YES;
				IPHONEOS_DEPLOYMENT_TARGET = 13.2;
				MTL_ENABLE_DEBUG_INFO = INCLUDE_SOURCE;
				MTL_FAST_MATH = YES;
				ONLY_ACTIVE_ARCH = YES;
				SDKROOT = iphoneos;
				SWIFT_ACTIVE_COMPILATION_CONDITIONS = DEBUG;
				SWIFT_OPTIMIZATION_LEVEL = "-Onone";
			};
			name = Debug;
		};
		B3DFE057241689E800D2B18F /* Release */ = {
			isa = XCBuildConfiguration;
			buildSettings = {
				ALWAYS_SEARCH_USER_PATHS = NO;
				CLANG_ANALYZER_NONNULL = YES;
				CLANG_ANALYZER_NUMBER_OBJECT_CONVERSION = YES_AGGRESSIVE;
				CLANG_CXX_LANGUAGE_STANDARD = "gnu++14";
				CLANG_CXX_LIBRARY = "libc++";
				CLANG_ENABLE_MODULES = YES;
				CLANG_ENABLE_OBJC_ARC = YES;
				CLANG_ENABLE_OBJC_WEAK = YES;
				CLANG_WARN_BLOCK_CAPTURE_AUTORELEASING = YES;
				CLANG_WARN_BOOL_CONVERSION = YES;
				CLANG_WARN_COMMA = YES;
				CLANG_WARN_CONSTANT_CONVERSION = YES;
				CLANG_WARN_DEPRECATED_OBJC_IMPLEMENTATIONS = YES;
				CLANG_WARN_DIRECT_OBJC_ISA_USAGE = YES_ERROR;
				CLANG_WARN_DOCUMENTATION_COMMENTS = YES;
				CLANG_WARN_EMPTY_BODY = YES;
				CLANG_WARN_ENUM_CONVERSION = YES;
				CLANG_WARN_INFINITE_RECURSION = YES;
				CLANG_WARN_INT_CONVERSION = YES;
				CLANG_WARN_NON_LITERAL_NULL_CONVERSION = YES;
				CLANG_WARN_OBJC_IMPLICIT_RETAIN_SELF = YES;
				CLANG_WARN_OBJC_LITERAL_CONVERSION = YES;
				CLANG_WARN_OBJC_ROOT_CLASS = YES_ERROR;
				CLANG_WARN_RANGE_LOOP_ANALYSIS = YES;
				CLANG_WARN_STRICT_PROTOTYPES = YES;
				CLANG_WARN_SUSPICIOUS_MOVE = YES;
				CLANG_WARN_UNGUARDED_AVAILABILITY = YES_AGGRESSIVE;
				CLANG_WARN_UNREACHABLE_CODE = YES;
				CLANG_WARN__DUPLICATE_METHOD_MATCH = YES;
				COPY_PHASE_STRIP = NO;
				DEBUG_INFORMATION_FORMAT = "dwarf-with-dsym";
				ENABLE_NS_ASSERTIONS = NO;
				ENABLE_STRICT_OBJC_MSGSEND = YES;
				GCC_C_LANGUAGE_STANDARD = gnu11;
				GCC_NO_COMMON_BLOCKS = YES;
				GCC_WARN_64_TO_32_BIT_CONVERSION = YES;
				GCC_WARN_ABOUT_RETURN_TYPE = YES_ERROR;
				GCC_WARN_UNDECLARED_SELECTOR = YES;
				GCC_WARN_UNINITIALIZED_AUTOS = YES_AGGRESSIVE;
				GCC_WARN_UNUSED_FUNCTION = YES;
				GCC_WARN_UNUSED_VARIABLE = YES;
				IPHONEOS_DEPLOYMENT_TARGET = 13.2;
				MTL_ENABLE_DEBUG_INFO = NO;
				MTL_FAST_MATH = YES;
				SDKROOT = iphoneos;
				SWIFT_COMPILATION_MODE = wholemodule;
				SWIFT_OPTIMIZATION_LEVEL = "-O";
				VALIDATE_PRODUCT = YES;
			};
			name = Release;
		};
		B3DFE059241689E800D2B18F /* Debug */ = {
			isa = XCBuildConfiguration;
			buildSettings = {
				ASSETCATALOG_COMPILER_APPICON_NAME = AppIcon;
				CODE_SIGN_STYLE = Automatic;
				DEVELOPMENT_TEAM = NKLR5CDW3K;
				INFOPLIST_FILE = "Color Picker/Info.plist";
				LD_RUNPATH_SEARCH_PATHS = (
					"$(inherited)",
					"@executable_path/Frameworks",
				);
				PRODUCT_BUNDLE_IDENTIFIER = "edu.missouri.Color-Picker";
				PRODUCT_NAME = "$(TARGET_NAME)";
				SWIFT_VERSION = 5.0;
				TARGETED_DEVICE_FAMILY = "1,2";
			};
			name = Debug;
		};
		B3DFE05A241689E800D2B18F /* Release */ = {
			isa = XCBuildConfiguration;
			buildSettings = {
				ASSETCATALOG_COMPILER_APPICON_NAME = AppIcon;
				CODE_SIGN_STYLE = Automatic;
				DEVELOPMENT_TEAM = NKLR5CDW3K;
				INFOPLIST_FILE = "Color Picker/Info.plist";
				LD_RUNPATH_SEARCH_PATHS = (
					"$(inherited)",
					"@executable_path/Frameworks",
				);
				PRODUCT_BUNDLE_IDENTIFIER = "edu.missouri.Color-Picker";
				PRODUCT_NAME = "$(TARGET_NAME)";
				SWIFT_VERSION = 5.0;
				TARGETED_DEVICE_FAMILY = "1,2";
			};
			name = Release;
		};
		B3DFE05C241689E800D2B18F /* Debug */ = {
			isa = XCBuildConfiguration;
			buildSettings = {
				ALWAYS_EMBED_SWIFT_STANDARD_LIBRARIES = YES;
				BUNDLE_LOADER = "$(TEST_HOST)";
				CODE_SIGN_STYLE = Automatic;
				DEVELOPMENT_TEAM = NKLR5CDW3K;
				INFOPLIST_FILE = "Color PickerTests/Info.plist";
				IPHONEOS_DEPLOYMENT_TARGET = 13.2;
				LD_RUNPATH_SEARCH_PATHS = (
					"$(inherited)",
					"@executable_path/Frameworks",
					"@loader_path/Frameworks",
				);
				PRODUCT_BUNDLE_IDENTIFIER = "edu.missouri.Color-PickerTests";
				PRODUCT_NAME = "$(TARGET_NAME)";
				SWIFT_VERSION = 5.0;
				TARGETED_DEVICE_FAMILY = "1,2";
				TEST_HOST = "$(BUILT_PRODUCTS_DIR)/Color Picker.app/Color Picker";
			};
			name = Debug;
		};
		B3DFE05D241689E800D2B18F /* Release */ = {
			isa = XCBuildConfiguration;
			buildSettings = {
				ALWAYS_EMBED_SWIFT_STANDARD_LIBRARIES = YES;
				BUNDLE_LOADER = "$(TEST_HOST)";
				CODE_SIGN_STYLE = Automatic;
				DEVELOPMENT_TEAM = NKLR5CDW3K;
				INFOPLIST_FILE = "Color PickerTests/Info.plist";
				IPHONEOS_DEPLOYMENT_TARGET = 13.2;
				LD_RUNPATH_SEARCH_PATHS = (
					"$(inherited)",
					"@executable_path/Frameworks",
					"@loader_path/Frameworks",
				);
				PRODUCT_BUNDLE_IDENTIFIER = "edu.missouri.Color-PickerTests";
				PRODUCT_NAME = "$(TARGET_NAME)";
				SWIFT_VERSION = 5.0;
				TARGETED_DEVICE_FAMILY = "1,2";
				TEST_HOST = "$(BUILT_PRODUCTS_DIR)/Color Picker.app/Color Picker";
			};
			name = Release;
		};
		B3DFE05F241689E800D2B18F /* Debug */ = {
			isa = XCBuildConfiguration;
			buildSettings = {
				ALWAYS_EMBED_SWIFT_STANDARD_LIBRARIES = YES;
				CODE_SIGN_STYLE = Automatic;
				DEVELOPMENT_TEAM = NKLR5CDW3K;
				INFOPLIST_FILE = "Color PickerUITests/Info.plist";
				LD_RUNPATH_SEARCH_PATHS = (
					"$(inherited)",
					"@executable_path/Frameworks",
					"@loader_path/Frameworks",
				);
				PRODUCT_BUNDLE_IDENTIFIER = "edu.missouri.Color-PickerUITests";
				PRODUCT_NAME = "$(TARGET_NAME)";
				SWIFT_VERSION = 5.0;
				TARGETED_DEVICE_FAMILY = "1,2";
				TEST_TARGET_NAME = "Color Picker";
			};
			name = Debug;
		};
		B3DFE060241689E800D2B18F /* Release */ = {
			isa = XCBuildConfiguration;
			buildSettings = {
				ALWAYS_EMBED_SWIFT_STANDARD_LIBRARIES = YES;
				CODE_SIGN_STYLE = Automatic;
				DEVELOPMENT_TEAM = NKLR5CDW3K;
				INFOPLIST_FILE = "Color PickerUITests/Info.plist";
				LD_RUNPATH_SEARCH_PATHS = (
					"$(inherited)",
					"@executable_path/Frameworks",
					"@loader_path/Frameworks",
				);
				PRODUCT_BUNDLE_IDENTIFIER = "edu.missouri.Color-PickerUITests";
				PRODUCT_NAME = "$(TARGET_NAME)";
				SWIFT_VERSION = 5.0;
				TARGETED_DEVICE_FAMILY = "1,2";
				TEST_TARGET_NAME = "Color Picker";
			};
			name = Release;
		};
/* End XCBuildConfiguration section */

/* Begin XCConfigurationList section */
		B3DFE029241689E600D2B18F /* Build configuration list for PBXProject "Color Picker" */ = {
			isa = XCConfigurationList;
			buildConfigurations = (
				B3DFE056241689E800D2B18F /* Debug */,
				B3DFE057241689E800D2B18F /* Release */,
			);
			defaultConfigurationIsVisible = 0;
			defaultConfigurationName = Release;
		};
		B3DFE058241689E800D2B18F /* Build configuration list for PBXNativeTarget "Color Picker" */ = {
			isa = XCConfigurationList;
			buildConfigurations = (
				B3DFE059241689E800D2B18F /* Debug */,
				B3DFE05A241689E800D2B18F /* Release */,
			);
			defaultConfigurationIsVisible = 0;
			defaultConfigurationName = Release;
		};
		B3DFE05B241689E800D2B18F /* Build configuration list for PBXNativeTarget "Color PickerTests" */ = {
			isa = XCConfigurationList;
			buildConfigurations = (
				B3DFE05C241689E800D2B18F /* Debug */,
				B3DFE05D241689E800D2B18F /* Release */,
			);
			defaultConfigurationIsVisible = 0;
			defaultConfigurationName = Release;
		};
		B3DFE05E241689E800D2B18F /* Build configuration list for PBXNativeTarget "Color PickerUITests" */ = {
			isa = XCConfigurationList;
			buildConfigurations = (
				B3DFE05F241689E800D2B18F /* Debug */,
				B3DFE060241689E800D2B18F /* Release */,
			);
			defaultConfigurationIsVisible = 0;
			defaultConfigurationName = Release;
		};
/* End XCConfigurationList section */
	};
	rootObject = B3DFE026241689E600D2B18F /* Project object */;
}
